
Microsoft Visual Studio Solution File, Format Version 12.00
# Visual Studio Version 17
VisualStudioVersion = 17.10.34707.107
MinimumVisualStudioVersion = 10.0.40219.1
Project("{FAE04EC0-301F-11D3-BF4B-00C04F79EFBC}") = "COLORS", "Colors\COLORS.csproj", "{08C1A26E-2D12-408A-ADF0-161A0DF377F8}"
EndProject
Global
	GlobalSection(SolutionConfigurationPlatforms) = preSolution
		Debug|Any CPU = Debug|Any CPU
		Release|Any CPU = Release|Any CPU
	EndGlobalSection
	GlobalSection(ProjectConfigurationPlatforms) = postSolution
		{08C1A26E-2D12-408A-ADF0-161A0DF377F8}.Debug|Any CPU.ActiveCfg = Debug|Any CPU
		{08C1A26E-2D12-408A-ADF0-161A0DF377F8}.Debug|Any CPU.Build.0 = Debug|Any CPU
		{08C1A26E-2D12-408A-ADF0-161A0DF377F8}.Release|Any CPU.ActiveCfg = Release|Any CPU
		{08C1A26E-2D12-408A-ADF0-161A0DF377F8}.Release|Any CPU.Build.0 = Release|Any CPU
	EndGlobalSection
	GlobalSection(SolutionProperties) = preSolution
		HideSolutionNode = FALSE
	EndGlobalSection
	GlobalSection(ExtensibilityGlobals) = postSolution
		SolutionGuid = {DAC1C6E4-F6BC-463C-BC33-B50C2E3C7A41}
	EndGlobalSection
EndGlobal
