
Microsoft Visual Studio Solution File, Format Version 12.00
# Visual Studio Version 17
VisualStudioVersion = 17.10.34707.107
MinimumVisualStudioVersion = 10.0.40219.1
Project("{FAE04EC0-301F-11D3-BF4B-00C04F79EFBC}") = "Mouse", "Mouse\Mouse.csproj", "{B31BAF96-E4E8-4D3B-A7DE-9C2AAE9E3399}"
EndProject
Global
	GlobalSection(SolutionConfigurationPlatforms) = preSolution
		Debug|Any CPU = Debug|Any CPU
		Release|Any CPU = Release|Any CPU
	EndGlobalSection
	GlobalSection(ProjectConfigurationPlatforms) = postSolution
		{B31BAF96-E4E8-4D3B-A7DE-9C2AAE9E3399}.Debug|Any CPU.ActiveCfg = Debug|Any CPU
		{B31BAF96-E4E8-4D3B-A7DE-9C2AAE9E3399}.Debug|Any CPU.Build.0 = Debug|Any CPU
		{B31BAF96-E4E8-4D3B-A7DE-9C2AAE9E3399}.Release|Any CPU.ActiveCfg = Release|Any CPU
		{B31BAF96-E4E8-4D3B-A7DE-9C2AAE9E3399}.Release|Any CPU.Build.0 = Release|Any CPU
	EndGlobalSection
	GlobalSection(SolutionProperties) = preSolution
		HideSolutionNode = FALSE
	EndGlobalSection
	GlobalSection(ExtensibilityGlobals) = postSolution
		SolutionGuid = {E97557A2-F315-4968-A25A-9A3D07206956}
	EndGlobalSection
EndGlobal
